// !$*UTF8*$!
{
	archiveVersion = 1;
	classes = {
	};
	objectVersion = 55;
	objects = {

/* Begin PBXBuildFile section */
		EAD04C1D28E6E22200295CC4 /* AppDelegate.swift in Sources */ = {isa = PBXBuildFile; fileRef = EAD04C1C28E6E22200295CC4 /* AppDelegate.swift */; };
		EAD04C1F28E6E22200295CC4 /* SceneDelegate.swift in Sources */ = {isa = PBXBuildFile; fileRef = EAD04C1E28E6E22200295CC4 /* SceneDelegate.swift */; };
		EAD04C2128E6E22200295CC4 /* ViewController.swift in Sources */ = {isa = PBXBuildFile; fileRef = EAD04C2028E6E22200295CC4 /* ViewController.swift */; };
		EAD04C2428E6E22200295CC4 /* Main.storyboard in Resources */ = {isa = PBXBuildFile; fileRef = EAD04C2228E6E22200295CC4 /* Main.storyboard */; };
		EAD04C2628E6E22700295CC4 /* Assets.xcassets in Resources */ = {isa = PBXBuildFile; fileRef = EAD04C2528E6E22700295CC4 /* Assets.xcassets */; };
		EAD04C2928E6E22700295CC4 /* LaunchScreen.storyboard in Resources */ = {isa = PBXBuildFile; fileRef = EAD04C2728E6E22700295CC4 /* LaunchScreen.storyboard */; };
		EAD04C3428E6E22700295CC4 /* __30___Tests.swift in Sources */ = {isa = PBXBuildFile; fileRef = EAD04C3328E6E22700295CC4 /* __30___Tests.swift */; };
		EAD04C3E28E6E22800295CC4 /* __30___UITests.swift in Sources */ = {isa = PBXBuildFile; fileRef = EAD04C3D28E6E22800295CC4 /* __30___UITests.swift */; };
		EAD04C4028E6E22800295CC4 /* __30___UITestsLaunchTests.swift in Sources */ = {isa = PBXBuildFile; fileRef = EAD04C3F28E6E22800295CC4 /* __30___UITestsLaunchTests.swift */; };
/* End PBXBuildFile section */

/* Begin PBXContainerItemProxy section */
		EAD04C3028E6E22700295CC4 /* PBXContainerItemProxy */ = {
			isa = PBXContainerItemProxy;
			containerPortal = EAD04C1128E6E22100295CC4 /* Project object */;
			proxyType = 1;
			remoteGlobalIDString = EAD04C1828E6E22100295CC4;
			remoteInfo = "9.30 项目";
		};
		EAD04C3A28E6E22800295CC4 /* PBXContainerItemProxy */ = {
			isa = PBXContainerItemProxy;
			containerPortal = EAD04C1128E6E22100295CC4 /* Project object */;
			proxyType = 1;
			remoteGlobalIDString = EAD04C1828E6E22100295CC4;
			remoteInfo = "9.30 项目";
		};
/* End PBXContainerItemProxy section */

/* Begin PBXFileReference section */
		EAD04C1928E6E22200295CC4 /* 9.30 项目.app */ = {isa = PBXFileReference; explicitFileType = wrapper.application; includeInIndex = 0; path = "9.30 项目.app"; sourceTree = BUILT_PRODUCTS_DIR; };
		EAD04C1C28E6E22200295CC4 /* AppDelegate.swift */ = {isa = PBXFileReference; lastKnownFileType = sourcecode.swift; path = AppDelegate.swift; sourceTree = "<group>"; };
		EAD04C1E28E6E22200295CC4 /* SceneDelegate.swift */ = {isa = PBXFileReference; lastKnownFileType = sourcecode.swift; path = SceneDelegate.swift; sourceTree = "<group>"; };
		EAD04C2028E6E22200295CC4 /* ViewController.swift */ = {isa = PBXFileReference; lastKnownFileType = sourcecode.swift; path = ViewController.swift; sourceTree = "<group>"; };
		EAD04C2328E6E22200295CC4 /* Base */ = {isa = PBXFileReference; lastKnownFileType = file.storyboard; name = Base; path = Base.lproj/Main.storyboard; sourceTree = "<group>"; };
		EAD04C2528E6E22700295CC4 /* Assets.xcassets */ = {isa = PBXFileReference; lastKnownFileType = folder.assetcatalog; path = Assets.xcassets; sourceTree = "<group>"; };
		EAD04C2828E6E22700295CC4 /* Base */ = {isa = PBXFileReference; lastKnownFileType = file.storyboard; name = Base; path = Base.lproj/LaunchScreen.storyboard; sourceTree = "<group>"; };
		EAD04C2A28E6E22700295CC4 /* Info.plist */ = {isa = PBXFileReference; lastKnownFileType = text.plist.xml; path = Info.plist; sourceTree = "<group>"; };
		EAD04C2F28E6E22700295CC4 /* 9.30 项目Tests.xctest */ = {isa = PBXFileReference; explicitFileType = wrapper.cfbundle; includeInIndex = 0; path = "9.30 项目Tests.xctest"; sourceTree = BUILT_PRODUCTS_DIR; };
		EAD04C3328E6E22700295CC4 /* __30___Tests.swift */ = {isa = PBXFileReference; lastKnownFileType = sourcecode.swift; path = "__30___Tests.swift"; sourceTree = "<group>"; };
		EAD04C3928E6E22800295CC4 /* 9.30 项目UITests.xctest */ = {isa = PBXFileReference; explicitFileType = wrapper.cfbundle; includeInIndex = 0; path = "9.30 项目UITests.xctest"; sourceTree = BUILT_PRODUCTS_DIR; };
		EAD04C3D28E6E22800295CC4 /* __30___UITests.swift */ = {isa = PBXFileReference; lastKnownFileType = sourcecode.swift; path = "__30___UITests.swift"; sourceTree = "<group>"; };
		EAD04C3F28E6E22800295CC4 /* __30___UITestsLaunchTests.swift */ = {isa = PBXFileReference; lastKnownFileType = sourcecode.swift; path = "__30___UITestsLaunchTests.swift"; sourceTree = "<group>"; };
/* End PBXFileReference section */

/* Begin PBXFrameworksBuildPhase section */
		EAD04C1628E6E22100295CC4 /* Frameworks */ = {
			isa = PBXFrameworksBuildPhase;
			buildActionMask = 2147483647;
			files = (
			);
			runOnlyForDeploymentPostprocessing = 0;
		};
		EAD04C2C28E6E22700295CC4 /* Frameworks */ = {
			isa = PBXFrameworksBuildPhase;
			buildActionMask = 2147483647;
			files = (
			);
			runOnlyForDeploymentPostprocessing = 0;
		};
		EAD04C3628E6E22700295CC4 /* Frameworks */ = {
			isa = PBXFrameworksBuildPhase;
			buildActionMask = 2147483647;
			files = (
			);
			runOnlyForDeploymentPostprocessing = 0;
		};
/* End PBXFrameworksBuildPhase section */

/* Begin PBXGroup section */
		EAD04C1028E6E22100295CC4 = {
			isa = PBXGroup;
			children = (
				EAD04C1B28E6E22200295CC4 /* 9.30 项目 */,
				EAD04C3228E6E22700295CC4 /* 9.30 项目Tests */,
				EAD04C3C28E6E22800295CC4 /* 9.30 项目UITests */,
				EAD04C1A28E6E22200295CC4 /* Products */,
			);
			sourceTree = "<group>";
		};
		EAD04C1A28E6E22200295CC4 /* Products */ = {
			isa = PBXGroup;
			children = (
				EAD04C1928E6E22200295CC4 /* 9.30 项目.app */,
				EAD04C2F28E6E22700295CC4 /* 9.30 项目Tests.xctest */,
				EAD04C3928E6E22800295CC4 /* 9.30 项目UITests.xctest */,
			);
			name = Products;
			sourceTree = "<group>";
		};
		EAD04C1B28E6E22200295CC4 /* 9.30 项目 */ = {
			isa = PBXGroup;
			children = (
				EAD04C1C28E6E22200295CC4 /* AppDelegate.swift */,
				EAD04C1E28E6E22200295CC4 /* SceneDelegate.swift */,
				EAD04C2028E6E22200295CC4 /* ViewController.swift */,
				EAD04C2228E6E22200295CC4 /* Main.storyboard */,
				EAD04C2528E6E22700295CC4 /* Assets.xcassets */,
				EAD04C2728E6E22700295CC4 /* LaunchScreen.storyboard */,
				EAD04C2A28E6E22700295CC4 /* Info.plist */,
			);
			path = "9.30 项目";
			sourceTree = "<group>";
		};
		EAD04C3228E6E22700295CC4 /* 9.30 项目Tests */ = {
			isa = PBXGroup;
			children = (
				EAD04C3328E6E22700295CC4 /* __30___Tests.swift */,
			);
			path = "9.30 项目Tests";
			sourceTree = "<group>";
		};
		EAD04C3C28E6E22800295CC4 /* 9.30 项目UITests */ = {
			isa = PBXGroup;
			children = (
				EAD04C3D28E6E22800295CC4 /* __30___UITests.swift */,
				EAD04C3F28E6E22800295CC4 /* __30___UITestsLaunchTests.swift */,
			);
			path = "9.30 项目UITests";
			sourceTree = "<group>";
		};
/* End PBXGroup section */

/* Begin PBXNativeTarget section */
		EAD04C1828E6E22100295CC4 /* 9.30 项目 */ = {
			isa = PBXNativeTarget;
			buildConfigurationList = EAD04C4328E6E22800295CC4 /* Build configuration list for PBXNativeTarget "9.30 项目" */;
			buildPhases = (
				EAD04C1528E6E22100295CC4 /* Sources */,
				EAD04C1628E6E22100295CC4 /* Frameworks */,
				EAD04C1728E6E22100295CC4 /* Resources */,
			);
			buildRules = (
			);
			dependencies = (
			);
			name = "9.30 项目";
			productName = "9.30 项目";
			productReference = EAD04C1928E6E22200295CC4 /* 9.30 项目.app */;
			productType = "com.apple.product-type.application";
		};
		EAD04C2E28E6E22700295CC4 /* 9.30 项目Tests */ = {
			isa = PBXNativeTarget;
			buildConfigurationList = EAD04C4628E6E22800295CC4 /* Build configuration list for PBXNativeTarget "9.30 项目Tests" */;
			buildPhases = (
				EAD04C2B28E6E22700295CC4 /* Sources */,
				EAD04C2C28E6E22700295CC4 /* Frameworks */,
				EAD04C2D28E6E22700295CC4 /* Resources */,
			);
			buildRules = (
			);
			dependencies = (
				EAD04C3128E6E22700295CC4 /* PBXTargetDependency */,
			);
			name = "9.30 项目Tests";
			productName = "9.30 项目Tests";
			productReference = EAD04C2F28E6E22700295CC4 /* 9.30 项目Tests.xctest */;
			productType = "com.apple.product-type.bundle.unit-test";
		};
		EAD04C3828E6E22700295CC4 /* 9.30 项目UITests */ = {
			isa = PBXNativeTarget;
			buildConfigurationList = EAD04C4928E6E22800295CC4 /* Build configuration list for PBXNativeTarget "9.30 项目UITests" */;
			buildPhases = (
				EAD04C3528E6E22700295CC4 /* Sources */,
				EAD04C3628E6E22700295CC4 /* Frameworks */,
				EAD04C3728E6E22700295CC4 /* Resources */,
			);
			buildRules = (
			);
			dependencies = (
				EAD04C3B28E6E22800295CC4 /* PBXTargetDependency */,
			);
			name = "9.30 项目UITests";
			productName = "9.30 项目UITests";
			productReference = EAD04C3928E6E22800295CC4 /* 9.30 项目UITests.xctest */;
			productType = "com.apple.product-type.bundle.ui-testing";
		};
/* End PBXNativeTarget section */

/* Begin PBXProject section */
		EAD04C1128E6E22100295CC4 /* Project object */ = {
			isa = PBXProject;
			attributes = {
				BuildIndependentTargetsInParallel = 1;
				LastSwiftUpdateCheck = 1340;
				LastUpgradeCheck = 1340;
				TargetAttributes = {
					EAD04C1828E6E22100295CC4 = {
						CreatedOnToolsVersion = 13.4;
					};
					EAD04C2E28E6E22700295CC4 = {
						CreatedOnToolsVersion = 13.4;
						TestTargetID = EAD04C1828E6E22100295CC4;
					};
					EAD04C3828E6E22700295CC4 = {
						CreatedOnToolsVersion = 13.4;
						TestTargetID = EAD04C1828E6E22100295CC4;
					};
				};
			};
			buildConfigurationList = EAD04C1428E6E22100295CC4 /* Build configuration list for PBXProject "9.30 项目" */;
			compatibilityVersion = "Xcode 13.0";
			developmentRegion = en;
			hasScannedForEncodings = 0;
			knownRegions = (
				en,
				Base,
			);
			mainGroup = EAD04C1028E6E22100295CC4;
			productRefGroup = EAD04C1A28E6E22200295CC4 /* Products */;
			projectDirPath = "";
			projectRoot = "";
			targets = (
				EAD04C1828E6E22100295CC4 /* 9.30 项目 */,
				EAD04C2E28E6E22700295CC4 /* 9.30 项目Tests */,
				EAD04C3828E6E22700295CC4 /* 9.30 项目UITests */,
			);
		};
/* End PBXProject section */

/* Begin PBXResourcesBuildPhase section */
		EAD04C1728E6E22100295CC4 /* Resources */ = {
			isa = PBXResourcesBuildPhase;
			buildActionMask = 2147483647;
			files = (
				EAD04C2928E6E22700295CC4 /* LaunchScreen.storyboard in Resources */,
				EAD04C2628E6E22700295CC4 /* Assets.xcassets in Resources */,
				EAD04C2428E6E22200295CC4 /* Main.storyboard in Resources */,
			);
			runOnlyForDeploymentPostprocessing = 0;
		};
		EAD04C2D28E6E22700295CC4 /* Resources */ = {
			isa = PBXResourcesBuildPhase;
			buildActionMask = 2147483647;
			files = (
			);
			runOnlyForDeploymentPostprocessing = 0;
		};
		EAD04C3728E6E22700295CC4 /* Resources */ = {
			isa = PBXResourcesBuildPhase;
			buildActionMask = 2147483647;
			files = (
			);
			runOnlyForDeploymentPostprocessing = 0;
		};
/* End PBXResourcesBuildPhase section */

/* Begin PBXSourcesBuildPhase section */
		EAD04C1528E6E22100295CC4 /* Sources */ = {
			isa = PBXSourcesBuildPhase;
			buildActionMask = 2147483647;
			files = (
				EAD04C2128E6E22200295CC4 /* ViewController.swift in Sources */,
				EAD04C1D28E6E22200295CC4 /* AppDelegate.swift in Sources */,
				EAD04C1F28E6E22200295CC4 /* SceneDelegate.swift in Sources */,
			);
			runOnlyForDeploymentPostprocessing = 0;
		};
		EAD04C2B28E6E22700295CC4 /* Sources */ = {
			isa = PBXSourcesBuildPhase;
			buildActionMask = 2147483647;
			files = (
				EAD04C3428E6E22700295CC4 /* __30___Tests.swift in Sources */,
			);
			runOnlyForDeploymentPostprocessing = 0;
		};
		EAD04C3528E6E22700295CC4 /* Sources */ = {
			isa = PBXSourcesBuildPhase;
			buildActionMask = 2147483647;
			files = (
				EAD04C3E28E6E22800295CC4 /* __30___UITests.swift in Sources */,
				EAD04C4028E6E22800295CC4 /* __30___UITestsLaunchTests.swift in Sources */,
			);
			runOnlyForDeploymentPostprocessing = 0;
		};
/* End PBXSourcesBuildPhase section */

/* Begin PBXTargetDependency section */
		EAD04C3128E6E22700295CC4 /* PBXTargetDependency */ = {
			isa = PBXTargetDependency;
			target = EAD04C1828E6E22100295CC4 /* 9.30 项目 */;
			targetProxy = EAD04C3028E6E22700295CC4 /* PBXContainerItemProxy */;
		};
		EAD04C3B28E6E22800295CC4 /* PBXTargetDependency */ = {
			isa = PBXTargetDependency;
			target = EAD04C1828E6E22100295CC4 /* 9.30 项目 */;
			targetProxy = EAD04C3A28E6E22800295CC4 /* PBXContainerItemProxy */;
		};
/* End PBXTargetDependency section */

/* Begin PBXVariantGroup section */
		EAD04C2228E6E22200295CC4 /* Main.storyboard */ = {
			isa = PBXVariantGroup;
			children = (
				EAD04C2328E6E22200295CC4 /* Base */,
			);
			name = Main.storyboard;
			sourceTree = "<group>";
		};
		EAD04C2728E6E22700295CC4 /* LaunchScreen.storyboard */ = {
			isa = PBXVariantGroup;
			children = (
				EAD04C2828E6E22700295CC4 /* Base */,
			);
			name = LaunchScreen.storyboard;
			sourceTree = "<group>";
		};
/* End PBXVariantGroup section */

/* Begin XCBuildConfiguration section */
		EAD04C4128E6E22800295CC4 /* Debug */ = {
			isa = XCBuildConfiguration;
			buildSettings = {
				ALWAYS_SEARCH_USER_PATHS = NO;
				CLANG_ANALYZER_NONNULL = YES;
				CLANG_ANALYZER_NUMBER_OBJECT_CONVERSION = YES_AGGRESSIVE;
				CLANG_CXX_LANGUAGE_STANDARD = "gnu++17";
				CLANG_ENABLE_MODULES = YES;
				CLANG_ENABLE_OBJC_ARC = YES;
				CLANG_ENABLE_OBJC_WEAK = YES;
				CLANG_WARN_BLOCK_CAPTURE_AUTORELEASING = YES;
				CLANG_WARN_BOOL_CONVERSION = YES;
				CLANG_WARN_COMMA = YES;
				CLANG_WARN_CONSTANT_CONVERSION = YES;
				CLANG_WARN_DEPRECATED_OBJC_IMPLEMENTATIONS = YES;
				CLANG_WARN_DIRECT_OBJC_ISA_USAGE = YES_ERROR;
				CLANG_WARN_DOCUMENTATION_COMMENTS = YES;
				CLANG_WARN_EMPTY_BODY = YES;
				CLANG_WARN_ENUM_CONVERSION = YES;
				CLANG_WARN_INFINITE_RECURSION = YES;
				CLANG_WARN_INT_CONVERSION = YES;
				CLANG_WARN_NON_LITERAL_NULL_CONVERSION = YES;
				CLANG_WARN_OBJC_IMPLICIT_RETAIN_SELF = YES;
				CLANG_WARN_OBJC_LITERAL_CONVERSION = YES;
				CLANG_WARN_OBJC_ROOT_CLASS = YES_ERROR;
				CLANG_WARN_QUOTED_INCLUDE_IN_FRAMEWORK_HEADER = YES;
				CLANG_WARN_RANGE_LOOP_ANALYSIS = YES;
				CLANG_WARN_STRICT_PROTOTYPES = YES;
				CLANG_WARN_SUSPICIOUS_MOVE = YES;
				CLANG_WARN_UNGUARDED_AVAILABILITY = YES_AGGRESSIVE;
				CLANG_WARN_UNREACHABLE_CODE = YES;
				CLANG_WARN__DUPLICATE_METHOD_MATCH = YES;
				COPY_PHASE_STRIP = NO;
				DEBUG_INFORMATION_FORMAT = dwarf;
				ENABLE_STRICT_OBJC_MSGSEND = YES;
				ENABLE_TESTABILITY = YES;
				GCC_C_LANGUAGE_STANDARD = gnu11;
				GCC_DYNAMIC_NO_PIC = NO;
				GCC_NO_COMMON_BLOCKS = YES;
				GCC_OPTIMIZATION_LEVEL = 0;
				GCC_PREPROCESSOR_DEFINITIONS = (
					"DEBUG=1",
					"$(inherited)",
				);
				GCC_WARN_64_TO_32_BIT_CONVERSION = YES;
				GCC_WARN_ABOUT_RETURN_TYPE = YES_ERROR;
				GCC_WARN_UNDECLARED_SELECTOR = YES;
				GCC_WARN_UNINITIALIZED_AUTOS = YES_AGGRESSIVE;
				GCC_WARN_UNUSED_FUNCTION = YES;
				GCC_WARN_UNUSED_VARIABLE = YES;
				IPHONEOS_DEPLOYMENT_TARGET = 15.5;
				MTL_ENABLE_DEBUG_INFO = INCLUDE_SOURCE;
				MTL_FAST_MATH = YES;
				ONLY_ACTIVE_ARCH = YES;
				SDKROOT = iphoneos;
				SWIFT_ACTIVE_COMPILATION_CONDITIONS = DEBUG;
				SWIFT_OPTIMIZATION_LEVEL = "-Onone";
			};
			name = Debug;
		};
		EAD04C4228E6E22800295CC4 /* Release */ = {
			isa = XCBuildConfiguration;
			buildSettings = {
				ALWAYS_SEARCH_USER_PATHS = NO;
				CLANG_ANALYZER_NONNULL = YES;
				CLANG_ANALYZER_NUMBER_OBJECT_CONVERSION = YES_AGGRESSIVE;
				CLANG_CXX_LANGUAGE_STANDARD = "gnu++17";
				CLANG_ENABLE_MODULES = YES;
				CLANG_ENABLE_OBJC_ARC = YES;
				CLANG_ENABLE_OBJC_WEAK = YES;
				CLANG_WARN_BLOCK_CAPTURE_AUTORELEASING = YES;
				CLANG_WARN_BOOL_CONVERSION = YES;
				CLANG_WARN_COMMA = YES;
				CLANG_WARN_CONSTANT_CONVERSION = YES;
				CLANG_WARN_DEPRECATED_OBJC_IMPLEMENTATIONS = YES;
				CLANG_WARN_DIRECT_OBJC_ISA_USAGE = YES_ERROR;
				CLANG_WARN_DOCUMENTATION_COMMENTS = YES;
				CLANG_WARN_EMPTY_BODY = YES;
				CLANG_WARN_ENUM_CONVERSION = YES;
				CLANG_WARN_INFINITE_RECURSION = YES;
				CLANG_WARN_INT_CONVERSION = YES;
				CLANG_WARN_NON_LITERAL_NULL_CONVERSION = YES;
				CLANG_WARN_OBJC_IMPLICIT_RETAIN_SELF = YES;
				CLANG_WARN_OBJC_LITERAL_CONVERSION = YES;
				CLANG_WARN_OBJC_ROOT_CLASS = YES_ERROR;
				CLANG_WARN_QUOTED_INCLUDE_IN_FRAMEWORK_HEADER = YES;
				CLANG_WARN_RANGE_LOOP_ANALYSIS = YES;
				CLANG_WARN_STRICT_PROTOTYPES = YES;
				CLANG_WARN_SUSPICIOUS_MOVE = YES;
				CLANG_WARN_UNGUARDED_AVAILABILITY = YES_AGGRESSIVE;
				CLANG_WARN_UNREACHABLE_CODE = YES;
				CLANG_WARN__DUPLICATE_METHOD_MATCH = YES;
				COPY_PHASE_STRIP = NO;
				DEBUG_INFORMATION_FORMAT = "dwarf-with-dsym";
				ENABLE_NS_ASSERTIONS = NO;
				ENABLE_STRICT_OBJC_MSGSEND = YES;
				GCC_C_LANGUAGE_STANDARD = gnu11;
				GCC_NO_COMMON_BLOCKS = YES;
				GCC_WARN_64_TO_32_BIT_CONVERSION = YES;
				GCC_WARN_ABOUT_RETURN_TYPE = YES_ERROR;
				GCC_WARN_UNDECLARED_SELECTOR = YES;
				GCC_WARN_UNINITIALIZED_AUTOS = YES_AGGRESSIVE;
				GCC_WARN_UNUSED_FUNCTION = YES;
				GCC_WARN_UNUSED_VARIABLE = YES;
				IPHONEOS_DEPLOYMENT_TARGET = 15.5;
				MTL_ENABLE_DEBUG_INFO = NO;
				MTL_FAST_MATH = YES;
				SDKROOT = iphoneos;
				SWIFT_COMPILATION_MODE = wholemodule;
				SWIFT_OPTIMIZATION_LEVEL = "-O";
				VALIDATE_PRODUCT = YES;
			};
			name = Release;
		};
		EAD04C4428E6E22800295CC4 /* Debug */ = {
			isa = XCBuildConfiguration;
			buildSettings = {
				ASSETCATALOG_COMPILER_APPICON_NAME = AppIcon;
				ASSETCATALOG_COMPILER_GLOBAL_ACCENT_COLOR_NAME = AccentColor;
				CODE_SIGN_STYLE = Automatic;
				CURRENT_PROJECT_VERSION = 1;
				GENERATE_INFOPLIST_FILE = YES;
				INFOPLIST_FILE = "9.30 项目/Info.plist";
				INFOPLIST_KEY_UIApplicationSupportsIndirectInputEvents = YES;
				INFOPLIST_KEY_UILaunchStoryboardName = LaunchScreen;
				INFOPLIST_KEY_UIMainStoryboardFile = Main;
				INFOPLIST_KEY_UISupportedInterfaceOrientations_iPad = "UIInterfaceOrientationPortrait UIInterfaceOrientationPortraitUpsideDown UIInterfaceOrientationLandscapeLeft UIInterfaceOrientationLandscapeRight";
				INFOPLIST_KEY_UISupportedInterfaceOrientations_iPhone = "UIInterfaceOrientationPortrait UIInterfaceOrientationLandscapeLeft UIInterfaceOrientationLandscapeRight";
				LD_RUNPATH_SEARCH_PATHS = (
					"$(inherited)",
					"@executable_path/Frameworks",
				);
				MARKETING_VERSION = 1.0;
				PRODUCT_BUNDLE_IDENTIFIER = "cn.arthur.ios.--30---";
				PRODUCT_NAME = "$(TARGET_NAME)";
				SWIFT_EMIT_LOC_STRINGS = YES;
				SWIFT_VERSION = 5.0;
				TARGETED_DEVICE_FAMILY = "1,2";
			};
			name = Debug;
		};
		EAD04C4528E6E22800295CC4 /* Release */ = {
			isa = XCBuildConfiguration;
			buildSettings = {
				ASSETCATALOG_COMPILER_APPICON_NAME = AppIcon;
				ASSETCATALOG_COMPILER_GLOBAL_ACCENT_COLOR_NAME = AccentColor;
				CODE_SIGN_STYLE = Automatic;
				CURRENT_PROJECT_VERSION = 1;
				GENERATE_INFOPLIST_FILE = YES;
				INFOPLIST_FILE = "9.30 项目/Info.plist";
				INFOPLIST_KEY_UIApplicationSupportsIndirectInputEvents = YES;
				INFOPLIST_KEY_UILaunchStoryboardName = LaunchScreen;
				INFOPLIST_KEY_UIMainStoryboardFile = Main;
				INFOPLIST_KEY_UISupportedInterfaceOrientations_iPad = "UIInterfaceOrientationPortrait UIInterfaceOrientationPortraitUpsideDown UIInterfaceOrientationLandscapeLeft UIInterfaceOrientationLandscapeRight";
				INFOPLIST_KEY_UISupportedInterfaceOrientations_iPhone = "UIInterfaceOrientationPortrait UIInterfaceOrientationLandscapeLeft UIInterfaceOrientationLandscapeRight";
				LD_RUNPATH_SEARCH_PATHS = (
					"$(inherited)",
					"@executable_path/Frameworks",
				);
				MARKETING_VERSION = 1.0;
				PRODUCT_BUNDLE_IDENTIFIER = "cn.arthur.ios.--30---";
				PRODUCT_NAME = "$(TARGET_NAME)";
				SWIFT_EMIT_LOC_STRINGS = YES;
				SWIFT_VERSION = 5.0;
				TARGETED_DEVICE_FAMILY = "1,2";
			};
			name = Release;
		};
		EAD04C4728E6E22800295CC4 /* Debug */ = {
			isa = XCBuildConfiguration;
			buildSettings = {
				ALWAYS_EMBED_SWIFT_STANDARD_LIBRARIES = YES;
				BUNDLE_LOADER = "$(TEST_HOST)";
				CODE_SIGN_STYLE = Automatic;
				CURRENT_PROJECT_VERSION = 1;
				GENERATE_INFOPLIST_FILE = YES;
				IPHONEOS_DEPLOYMENT_TARGET = 15.5;
				MARKETING_VERSION = 1.0;
				PRODUCT_BUNDLE_IDENTIFIER = "cn.arthur.ios.--30---Tests";
				PRODUCT_NAME = "$(TARGET_NAME)";
				SWIFT_EMIT_LOC_STRINGS = NO;
				SWIFT_VERSION = 5.0;
				TARGETED_DEVICE_FAMILY = "1,2";
				TEST_HOST = "$(BUILT_PRODUCTS_DIR)/9.30 项目.app/9.30 项目";
			};
			name = Debug;
		};
		EAD04C4828E6E22800295CC4 /* Release */ = {
			isa = XCBuildConfiguration;
			buildSettings = {
				ALWAYS_EMBED_SWIFT_STANDARD_LIBRARIES = YES;
				BUNDLE_LOADER = "$(TEST_HOST)";
				CODE_SIGN_STYLE = Automatic;
				CURRENT_PROJECT_VERSION = 1;
				GENERATE_INFOPLIST_FILE = YES;
				IPHONEOS_DEPLOYMENT_TARGET = 15.5;
				MARKETING_VERSION = 1.0;
				PRODUCT_BUNDLE_IDENTIFIER = "cn.arthur.ios.--30---Tests";
				PRODUCT_NAME = "$(TARGET_NAME)";
				SWIFT_EMIT_LOC_STRINGS = NO;
				SWIFT_VERSION = 5.0;
				TARGETED_DEVICE_FAMILY = "1,2";
				TEST_HOST = "$(BUILT_PRODUCTS_DIR)/9.30 项目.app/9.30 项目";
			};
			name = Release;
		};
		EAD04C4A28E6E22800295CC4 /* Debug */ = {
			isa = XCBuildConfiguration;
			buildSettings = {
				ALWAYS_EMBED_SWIFT_STANDARD_LIBRARIES = YES;
				CODE_SIGN_STYLE = Automatic;
				CURRENT_PROJECT_VERSION = 1;
				GENERATE_INFOPLIST_FILE = YES;
				MARKETING_VERSION = 1.0;
				PRODUCT_BUNDLE_IDENTIFIER = "cn.arthur.ios.--30---UITests";
				PRODUCT_NAME = "$(TARGET_NAME)";
				SWIFT_EMIT_LOC_STRINGS = NO;
				SWIFT_VERSION = 5.0;
				TARGETED_DEVICE_FAMILY = "1,2";
				TEST_TARGET_NAME = "9.30 项目";
			};
			name = Debug;
		};
		EAD04C4B28E6E22800295CC4 /* Release */ = {
			isa = XCBuildConfiguration;
			buildSettings = {
				ALWAYS_EMBED_SWIFT_STANDARD_LIBRARIES = YES;
				CODE_SIGN_STYLE = Automatic;
				CURRENT_PROJECT_VERSION = 1;
				GENERATE_INFOPLIST_FILE = YES;
				MARKETING_VERSION = 1.0;
				PRODUCT_BUNDLE_IDENTIFIER = "cn.arthur.ios.--30---UITests";
				PRODUCT_NAME = "$(TARGET_NAME)";
				SWIFT_EMIT_LOC_STRINGS = NO;
				SWIFT_VERSION = 5.0;
				TARGETED_DEVICE_FAMILY = "1,2";
				TEST_TARGET_NAME = "9.30 项目";
			};
			name = Release;
		};
/* End XCBuildConfiguration section */

/* Begin XCConfigurationList section */
		EAD04C1428E6E22100295CC4 /* Build configuration list for PBXProject "9.30 项目" */ = {
			isa = XCConfigurationList;
			buildConfigurations = (
				EAD04C4128E6E22800295CC4 /* Debug */,
				EAD04C4228E6E22800295CC4 /* Release */,
			);
			defaultConfigurationIsVisible = 0;
			defaultConfigurationName = Release;
		};
		EAD04C4328E6E22800295CC4 /* Build configuration list for PBXNativeTarget "9.30 项目" */ = {
			isa = XCConfigurationList;
			buildConfigurations = (
				EAD04C4428E6E22800295CC4 /* Debug */,
				EAD04C4528E6E22800295CC4 /* Release */,
			);
			defaultConfigurationIsVisible = 0;
			defaultConfigurationName = Release;
		};
		EAD04C4628E6E22800295CC4 /* Build configuration list for PBXNativeTarget "9.30 项目Tests" */ = {
			isa = XCConfigurationList;
			buildConfigurations = (
				EAD04C4728E6E22800295CC4 /* Debug */,
				EAD04C4828E6E22800295CC4 /* Release */,
			);
			defaultConfigurationIsVisible = 0;
			defaultConfigurationName = Release;
		};
		EAD04C4928E6E22800295CC4 /* Build configuration list for PBXNativeTarget "9.30 项目UITests" */ = {
			isa = XCConfigurationList;
			buildConfigurations = (
				EAD04C4A28E6E22800295CC4 /* Debug */,
				EAD04C4B28E6E22800295CC4 /* Release */,
			);
			defaultConfigurationIsVisible = 0;
			defaultConfigurationName = Release;
		};
/* End XCConfigurationList section */
	};
	rootObject = EAD04C1128E6E22100295CC4 /* Project object */;
}
